// !$*UTF8*$!
{
	archiveVersion = 1;
	classes = {
	};
	objectVersion = 77;
	objects = {

/* Begin PBXContainerItemProxy section */
		4FABD12A2F1D06C500BDDDCE /* PBXContainerItemProxy */ = {
			isa = PBXContainerItemProxy;
			containerPortal = 4FABD1102F1D06C200BDDDCE /* Project object */;
			proxyType = 1;
			remoteGlobalIDString = 4FABD1172F1D06C200BDDDCE;
			remoteInfo = HD;
		};
		4FABD1342F1D06C500BDDDCE /* PBXContainerItemProxy */ = {
			isa = PBXContainerItemProxy;
			containerPortal = 4FABD1102F1D06C200BDDDCE /* Project object */;
			proxyType = 1;
			remoteGlobalIDString = 4FABD1172F1D06C200BDDDCE;
			remoteInfo = HD;
		};
/* End PBXContainerItemProxy section */

/* Begin PBXFileReference section */
		4FABD1182F1D06C200BDDDCE /* HD.app */ = {isa = PBXFileReference; explicitFileType = wrapper.application; includeInIndex = 0; path = HD.app; sourceTree = BUILT_PRODUCTS_DIR; };
		4FABD1292F1D06C500BDDDCE /* HDTests.xctest */ = {isa = PBXFileReference; explicitFileType = wrapper.cfbundle; includeInIndex = 0; path = HDTests.xctest; sourceTree = BUILT_PRODUCTS_DIR; };
		4FABD1332F1D06C500BDDDCE /* HDUITests.xctest */ = {isa = PBXFileReference; explicitFileType = wrapper.cfbundle; includeInIndex = 0; path = HDUITests.xctest; sourceTree = BUILT_PRODUCTS_DIR; };
/* End PBXFileReference section */

/* Begin PBXFileSystemSynchronizedBuildFileExceptionSet section */
		4FABD13B2F1D06C500BDDDCE /* Exceptions for "HD" folder in "HD" target */ = {
			isa = PBXFileSystemSynchronizedBuildFileExceptionSet;
			membershipExceptions = (
				Info.plist,
			);
			target = 4FABD1172F1D06C200BDDDCE /* HD */;
		};
/* End PBXFileSystemSynchronizedBuildFileExceptionSet section */

/* Begin PBXFileSystemSynchronizedRootGroup section */
		4FABD11A2F1D06C200BDDDCE /* HD */ = {
			isa = PBXFileSystemSynchronizedRootGroup;
			exceptions = (
				4FABD13B2F1D06C500BDDDCE /* Exceptions for "HD" folder in "HD" target */,
			);
			path = HD;
			sourceTree = "<group>";
		};
		4FABD12C2F1D06C500BDDDCE /* HDTests */ = {
			isa = PBXFileSystemSynchronizedRootGroup;
			path = HDTests;
			sourceTree = "<group>";
		};
		4FABD1362F1D06C500BDDDCE /* HDUITests */ = {
			isa = PBXFileSystemSynchronizedRootGroup;
			path = HDUITests;
			sourceTree = "<group>";
		};
/* End PBXFileSystemSynchronizedRootGroup section */

/* Begin PBXFrameworksBuildPhase section */
		4FABD1152F1D06C200BDDDCE /* Frameworks */ = {
			isa = PBXFrameworksBuildPhase;
			buildActionMask = 2147483647;
			files = (
			);
			runOnlyForDeploymentPostprocessing = 0;
		};
		4FABD1262F1D06C500BDDDCE /* Frameworks */ = {
			isa = PBXFrameworksBuildPhase;
			buildActionMask = 2147483647;
			files = (
			);
			runOnlyForDeploymentPostprocessing = 0;
		};
		4FABD1302F1D06C500BDDDCE /* Frameworks */ = {
			isa = PBXFrameworksBuildPhase;
			buildActionMask = 2147483647;
			files = (
			);
			runOnlyForDeploymentPostprocessing = 0;
		};
/* End PBXFrameworksBuildPhase section */

/* Begin PBXGroup section */
		4FABD10F2F1D06C200BDDDCE = {
			isa = PBXGroup;
			children = (
				4FABD11A2F1D06C200BDDDCE /* HD */,
				4FABD12C2F1D06C500BDDDCE /* HDTests */,
				4FABD1362F1D06C500BDDDCE /* HDUITests */,
				4FABD1192F1D06C200BDDDCE /* Products */,
			);
			sourceTree = "<group>";
		};
		4FABD1192F1D06C200BDDDCE /* Products */ = {
			isa = PBXGroup;
			children = (
				4FABD1182F1D06C200BDDDCE /* HD.app */,
				4FABD1292F1D06C500BDDDCE /* HDTests.xctest */,
				4FABD1332F1D06C500BDDDCE /* HDUITests.xctest */,
			);
			name = Products;
			sourceTree = "<group>";
		};
/* End PBXGroup section */

/* Begin PBXNativeTarget section */
		4FABD1172F1D06C200BDDDCE /* HD */ = {
			isa = PBXNativeTarget;
			buildConfigurationList = 4FABD13C2F1D06C500BDDDCE /* Build configuration list for PBXNativeTarget "HD" */;
			buildPhases = (
				4FABD1142F1D06C200BDDDCE /* Sources */,
				4FABD1152F1D06C200BDDDCE /* Frameworks */,
				4FABD1162F1D06C200BDDDCE /* Resources */,
			);
			buildRules = (
			);
			dependencies = (
			);
			fileSystemSynchronizedGroups = (
				4FABD11A2F1D06C200BDDDCE /* HD */,
			);
			name = HD;
			packageProductDependencies = (
			);
			productName = HD;
			productReference = 4FABD1182F1D06C200BDDDCE /* HD.app */;
			productType = "com.apple.product-type.application";
		};
		4FABD1282F1D06C500BDDDCE /* HDTests */ = {
			isa = PBXNativeTarget;
			buildConfigurationList = 4FABD1412F1D06C500BDDDCE /* Build configuration list for PBXNativeTarget "HDTests" */;
			buildPhases = (
				4FABD1252F1D06C500BDDDCE /* Sources */,
				4FABD1262F1D06C500BDDDCE /* Frameworks */,
				4FABD1272F1D06C500BDDDCE /* Resources */,
			);
			buildRules = (
			);
			dependencies = (
				4FABD12B2F1D06C500BDDDCE /* PBXTargetDependency */,
			);
			fileSystemSynchronizedGroups = (
				4FABD12C2F1D06C500BDDDCE /* HDTests */,
			);
			name = HDTests;
			packageProductDependencies = (
			);
			productName = HDTests;
			productReference = 4FABD1292F1D06C500BDDDCE /* HDTests.xctest */;
			productType = "com.apple.product-type.bundle.unit-test";
		};
		4FABD1322F1D06C500BDDDCE /* HDUITests */ = {
			isa = PBXNativeTarget;
			buildConfigurationList = 4FABD1442F1D06C500BDDDCE /* Build configuration list for PBXNativeTarget "HDUITests" */;
			buildPhases = (
				4FABD12F2F1D06C500BDDDCE /* Sources */,
				4FABD1302F1D06C500BDDDCE /* Frameworks */,
				4FABD1312F1D06C500BDDDCE /* Resources */,
			);
			buildRules = (
			);
			dependencies = (
				4FABD1352F1D06C500BDDDCE /* PBXTargetDependency */,
			);
			fileSystemSynchronizedGroups = (
				4FABD1362F1D06C500BDDDCE /* HDUITests */,
			);
			name = HDUITests;
			packageProductDependencies = (
			);
			productName = HDUITests;
			productReference = 4FABD1332F1D06C500BDDDCE /* HDUITests.xctest */;
			productType = "com.apple.product-type.bundle.ui-testing";
		};
/* End PBXNativeTarget section */

/* Begin PBXProject section */
		4FABD1102F1D06C200BDDDCE /* Project object */ = {
			isa = PBXProject;
			attributes = {
				BuildIndependentTargetsInParallel = 1;
				LastSwiftUpdateCheck = 2610;
				LastUpgradeCheck = 2620;
				TargetAttributes = {
					4FABD1172F1D06C200BDDDCE = {
						CreatedOnToolsVersion = 26.1.1;
					};
					4FABD1282F1D06C500BDDDCE = {
						CreatedOnToolsVersion = 26.1.1;
						TestTargetID = 4FABD1172F1D06C200BDDDCE;
					};
					4FABD1322F1D06C500BDDDCE = {
						CreatedOnToolsVersion = 26.1.1;
						TestTargetID = 4FABD1172F1D06C200BDDDCE;
					};
				};
			};
			buildConfigurationList = 4FABD1132F1D06C200BDDDCE /* Build configuration list for PBXProject "Wandeldagboek" */;
			developmentRegion = en;
			hasScannedForEncodings = 0;
			knownRegions = (
				en,
				Base,
			);
			mainGroup = 4FABD10F2F1D06C200BDDDCE;
			minimizedProjectReferenceProxies = 1;
			preferredProjectObjectVersion = 77;
			productRefGroup = 4FABD1192F1D06C200BDDDCE /* Products */;
			projectDirPath = "";
			projectRoot = "";
			targets = (
				4FABD1172F1D06C200BDDDCE /* HD */,
				4FABD1282F1D06C500BDDDCE /* HDTests */,
				4FABD1322F1D06C500BDDDCE /* HDUITests */,
			);
		};
/* End PBXProject section */

/* Begin PBXResourcesBuildPhase section */
		4FABD1162F1D06C200BDDDCE /* Resources */ = {
			isa = PBXResourcesBuildPhase;
			buildActionMask = 2147483647;
			files = (
			);
			runOnlyForDeploymentPostprocessing = 0;
		};
		4FABD1272F1D06C500BDDDCE /* Resources */ = {
			isa = PBXResourcesBuildPhase;
			buildActionMask = 2147483647;
			files = (
			);
			runOnlyForDeploymentPostprocessing = 0;
		};
		4FABD1312F1D06C500BDDDCE /* Resources */ = {
			isa = PBXResourcesBuildPhase;
			buildActionMask = 2147483647;
			files = (
			);
			runOnlyForDeploymentPostprocessing = 0;
		};
/* End PBXResourcesBuildPhase section */

/* Begin PBXSourcesBuildPhase section */
		4FABD1142F1D06C200BDDDCE /* Sources */ = {
			isa = PBXSourcesBuildPhase;
			buildActionMask = 2147483647;
			files = (
			);
			runOnlyForDeploymentPostprocessing = 0;
		};
		4FABD1252F1D06C500BDDDCE /* Sources */ = {
			isa = PBXSourcesBuildPhase;
			buildActionMask = 2147483647;
			files = (
			);
			runOnlyForDeploymentPostprocessing = 0;
		};
		4FABD12F2F1D06C500BDDDCE /* Sources */ = {
			isa = PBXSourcesBuildPhase;
			buildActionMask = 2147483647;
			files = (
			);
			runOnlyForDeploymentPostprocessing = 0;
		};
/* End PBXSourcesBuildPhase section */

/* Begin PBXTargetDependency section */
		4FABD12B2F1D06C500BDDDCE /* PBXTargetDependency */ = {
			isa = PBXTargetDependency;
			target = 4FABD1172F1D06C200BDDDCE /* HD */;
			targetProxy = 4FABD12A2F1D06C500BDDDCE /* PBXContainerItemProxy */;
		};
		4FABD1352F1D06C500BDDDCE /* PBXTargetDependency */ = {
			isa = PBXTargetDependency;
			target = 4FABD1172F1D06C200BDDDCE /* HD */;
			targetProxy = 4FABD1342F1D06C500BDDDCE /* PBXContainerItemProxy */;
		};
/* End PBXTargetDependency section */

/* Begin XCBuildConfiguration section */
		4FABD13D2F1D06C500BDDDCE /* Debug */ = {
			isa = XCBuildConfiguration;
			buildSettings = {
				ASSETCATALOG_COMPILER_APPICON_NAME = AppIcon;
				ASSETCATALOG_COMPILER_GLOBAL_ACCENT_COLOR_NAME = AccentColor;
				CODE_SIGN_ENTITLEMENTS = HD/HD.entitlements;
				CODE_SIGN_STYLE = Automatic;
				CURRENT_PROJECT_VERSION = 1;
				DEVELOPMENT_TEAM = 9ZUHXTXA7S;
				ENABLE_PREVIEWS = YES;
				GENERATE_INFOPLIST_FILE = YES;
				INFOPLIST_FILE = HD/Info.plist;
				INFOPLIST_KEY_CFBundleDisplayName = Wandeldagboek;
				INFOPLIST_KEY_NSCameraUsageDescription = "Wandeldagboek gebruikt de camera zodat je tijdens je wandeling foto’s kunt maken die je beleving vastleggen.    ";
				INFOPLIST_KEY_NSLocationAlwaysAndWhenInUseUsageDescription = "Wandeldagboek gebruikt je locatie om start- en eindpunten van je wandelingen vast te leggen.   ";
				INFOPLIST_KEY_NSLocationWhenInUseUsageDescription = "Wandeldagboek gebruikt je locatie tijdens het gebruik van de app om je wandelingen correct te registreren.";
				INFOPLIST_KEY_NSMicrophoneUsageDescription = "Wandeldagboek gebruikt de microfoon zodat je tijdens of na je wandeling audioverhalen en herinneringen kunt opnemen.\n    ";
				INFOPLIST_KEY_NSPhotoLibraryAddUsageDescription = "\n    Wandeldagboek slaat foto’s op in je fotobibliotheek wanneer je nieuwe beelden maakt of toevoegt aan een wandeling.\n    ";
				INFOPLIST_KEY_NSPhotoLibraryUsageDescription = "Wandeldagboek gebruikt je foto’s om beelden toe te voegen aan je wandelingen en zo je herinneringen compleet te maken.\n    ";
				INFOPLIST_KEY_UIApplicationSceneManifest_Generation = YES;
				INFOPLIST_KEY_UIApplicationSupportsIndirectInputEvents = YES;
				INFOPLIST_KEY_UILaunchScreen_Generation = YES;
				INFOPLIST_KEY_UIStatusBarHidden = YES;
				INFOPLIST_KEY_UISupportedInterfaceOrientations = UIInterfaceOrientationPortrait;
				INFOPLIST_KEY_UISupportedInterfaceOrientations_iPad = "UIInterfaceOrientationLandscapeLeft UIInterfaceOrientationLandscapeRight UIInterfaceOrientationPortrait UIInterfaceOrientationPortraitUpsideDown";
				IPHONEOS_DEPLOYMENT_TARGET = 18.6;
				LD_RUNPATH_SEARCH_PATHS = (
					"$(inherited)",
					"@executable_path/Frameworks",
				);
				MARKETING_VERSION = 1.0;
				PRODUCT_BUNDLE_IDENTIFIER = MappMaarten.HD;
				PRODUCT_NAME = "$(TARGET_NAME)";
				STRING_CATALOG_GENERATE_SYMBOLS = YES;
				SUPPORTED_PLATFORMS = "iphoneos iphonesimulator";
				SUPPORTS_MACCATALYST = NO;
				SUPPORTS_MAC_DESIGNED_FOR_IPHONE_IPAD = NO;
				SUPPORTS_XR_DESIGNED_FOR_IPHONE_IPAD = NO;
				SWIFT_APPROACHABLE_CONCURRENCY = YES;
				SWIFT_DEFAULT_ACTOR_ISOLATION = MainActor;
				SWIFT_EMIT_LOC_STRINGS = YES;
				SWIFT_UPCOMING_FEATURE_MEMBER_IMPORT_VISIBILITY = YES;
				SWIFT_VERSION = 5.0;
				TARGETED_DEVICE_FAMILY = 1;
			};
			name = Debug;
		};
		4FABD13E2F1D06C500BDDDCE /* Release */ = {
			isa = XCBuildConfiguration;
			buildSettings = {
				ASSETCATALOG_COMPILER_APPICON_NAME = AppIcon;
				ASSETCATALOG_COMPILER_GLOBAL_ACCENT_COLOR_NAME = AccentColor;
				CODE_SIGN_ENTITLEMENTS = HD/HD.entitlements;
				CODE_SIGN_STYLE = Automatic;
				CURRENT_PROJECT_VERSION = 1;
				DEVELOPMENT_TEAM = 9ZUHXTXA7S;
				ENABLE_PREVIEWS = YES;
				GENERATE_INFOPLIST_FILE = YES;
				INFOPLIST_FILE = HD/Info.plist;
				INFOPLIST_KEY_CFBundleDisplayName = Wandeldagboek;
				INFOPLIST_KEY_NSCameraUsageDescription = "Wandeldagboek gebruikt de camera zodat je tijdens je wandeling foto’s kunt maken die je beleving vastleggen.    ";
				INFOPLIST_KEY_NSLocationAlwaysAndWhenInUseUsageDescription = "Wandeldagboek gebruikt je locatie om start- en eindpunten van je wandelingen vast te leggen.   ";
				INFOPLIST_KEY_NSLocationWhenInUseUsageDescription = "Wandeldagboek gebruikt je locatie tijdens het gebruik van de app om je wandelingen correct te registreren.";
				INFOPLIST_KEY_NSMicrophoneUsageDescription = "Wandeldagboek gebruikt de microfoon zodat je tijdens of na je wandeling audioverhalen en herinneringen kunt opnemen.\n    ";
				INFOPLIST_KEY_NSPhotoLibraryAddUsageDescription = "\n    Wandeldagboek slaat foto’s op in je fotobibliotheek wanneer je nieuwe beelden maakt of toevoegt aan een wandeling.\n    ";
				INFOPLIST_KEY_NSPhotoLibraryUsageDescription = "Wandeldagboek gebruikt je foto’s om beelden toe te voegen aan je wandelingen en zo je herinneringen compleet te maken.\n    ";
				INFOPLIST_KEY_UIApplicationSceneManifest_Generation = YES;
				INFOPLIST_KEY_UIApplicationSupportsIndirectInputEvents = YES;
				INFOPLIST_KEY_UILaunchScreen_Generation = YES;
				INFOPLIST_KEY_UIStatusBarHidden = YES;
				INFOPLIST_KEY_UISupportedInterfaceOrientations = UIInterfaceOrientationPortrait;
				INFOPLIST_KEY_UISupportedInterfaceOrientations_iPad = "UIInterfaceOrientationLandscapeLeft UIInterfaceOrientationLandscapeRight UIInterfaceOrientationPortrait UIInterfaceOrientationPortraitUpsideDown";
				IPHONEOS_DEPLOYMENT_TARGET = 18.6;
				LD_RUNPATH_SEARCH_PATHS = (
					"$(inherited)",
					"@executable_path/Frameworks",
				);
				MARKETING_VERSION = 1.0;
				PRODUCT_BUNDLE_IDENTIFIER = MappMaarten.HD;
				PRODUCT_NAME = "$(TARGET_NAME)";
				STRING_CATALOG_GENERATE_SYMBOLS = YES;
				SUPPORTED_PLATFORMS = "iphoneos iphonesimulator";
				SUPPORTS_MACCATALYST = NO;
				SUPPORTS_MAC_DESIGNED_FOR_IPHONE_IPAD = NO;
				SUPPORTS_XR_DESIGNED_FOR_IPHONE_IPAD = NO;
				SWIFT_APPROACHABLE_CONCURRENCY = YES;
				SWIFT_DEFAULT_ACTOR_ISOLATION = MainActor;
				SWIFT_EMIT_LOC_STRINGS = YES;
				SWIFT_UPCOMING_FEATURE_MEMBER_IMPORT_VISIBILITY = YES;
				SWIFT_VERSION = 5.0;
				TARGETED_DEVICE_FAMILY = 1;
			};
			name = Release;
		};
		4FABD13F2F1D06C500BDDDCE /* Debug */ = {
			isa = XCBuildConfiguration;
			buildSettings = {
				ALWAYS_SEARCH_USER_PATHS = NO;
				ASSETCATALOG_COMPILER_GENERATE_SWIFT_ASSET_SYMBOL_EXTENSIONS = YES;
				CLANG_ANALYZER_NONNULL = YES;
				CLANG_ANALYZER_NUMBER_OBJECT_CONVERSION = YES_AGGRESSIVE;
				CLANG_CXX_LANGUAGE_STANDARD = "gnu++20";
				CLANG_ENABLE_MODULES = YES;
				CLANG_ENABLE_OBJC_ARC = YES;
				CLANG_ENABLE_OBJC_WEAK = YES;
				CLANG_WARN_BLOCK_CAPTURE_AUTORELEASING = YES;
				CLANG_WARN_BOOL_CONVERSION = YES;
				CLANG_WARN_COMMA = YES;
				CLANG_WARN_CONSTANT_CONVERSION = YES;
				CLANG_WARN_DEPRECATED_OBJC_IMPLEMENTATIONS = YES;
				CLANG_WARN_DIRECT_OBJC_ISA_USAGE = YES_ERROR;
				CLANG_WARN_DOCUMENTATION_COMMENTS = YES;
				CLANG_WARN_EMPTY_BODY = YES;
				CLANG_WARN_ENUM_CONVERSION = YES;
				CLANG_WARN_INFINITE_RECURSION = YES;
				CLANG_WARN_INT_CONVERSION = YES;
				CLANG_WARN_NON_LITERAL_NULL_CONVERSION = YES;
				CLANG_WARN_OBJC_IMPLICIT_RETAIN_SELF = YES;
				CLANG_WARN_OBJC_LITERAL_CONVERSION = YES;
				CLANG_WARN_OBJC_ROOT_CLASS = YES_ERROR;
				CLANG_WARN_QUOTED_INCLUDE_IN_FRAMEWORK_HEADER = YES;
				CLANG_WARN_RANGE_LOOP_ANALYSIS = YES;
				CLANG_WARN_STRICT_PROTOTYPES = YES;
				CLANG_WARN_SUSPICIOUS_MOVE = YES;
				CLANG_WARN_UNGUARDED_AVAILABILITY = YES_AGGRESSIVE;
				CLANG_WARN_UNREACHABLE_CODE = YES;
				CLANG_WARN__DUPLICATE_METHOD_MATCH = YES;
				COPY_PHASE_STRIP = NO;
				DEBUG_INFORMATION_FORMAT = dwarf;
				DEVELOPMENT_TEAM = 9ZUHXTXA7S;
				ENABLE_STRICT_OBJC_MSGSEND = YES;
				ENABLE_TESTABILITY = YES;
				ENABLE_USER_SCRIPT_SANDBOXING = YES;
				GCC_C_LANGUAGE_STANDARD = gnu17;
				GCC_DYNAMIC_NO_PIC = NO;
				GCC_NO_COMMON_BLOCKS = YES;
				GCC_OPTIMIZATION_LEVEL = 0;
				GCC_PREPROCESSOR_DEFINITIONS = (
					"DEBUG=1",
					"$(inherited)",
				);
				GCC_WARN_64_TO_32_BIT_CONVERSION = YES;
				GCC_WARN_ABOUT_RETURN_TYPE = YES_ERROR;
				GCC_WARN_UNDECLARED_SELECTOR = YES;
				GCC_WARN_UNINITIALIZED_AUTOS = YES_AGGRESSIVE;
				GCC_WARN_UNUSED_FUNCTION = YES;
				GCC_WARN_UNUSED_VARIABLE = YES;
				IPHONEOS_DEPLOYMENT_TARGET = 26.1;
				LOCALIZATION_PREFERS_STRING_CATALOGS = YES;
				MTL_ENABLE_DEBUG_INFO = INCLUDE_SOURCE;
				MTL_FAST_MATH = YES;
				ONLY_ACTIVE_ARCH = YES;
				SDKROOT = iphoneos;
				STRING_CATALOG_GENERATE_SYMBOLS = YES;
				SWIFT_ACTIVE_COMPILATION_CONDITIONS = "DEBUG $(inherited)";
				SWIFT_OPTIMIZATION_LEVEL = "-Onone";
			};
			name = Debug;
		};
		4FABD1402F1D06C500BDDDCE /* Release */ = {
			isa = XCBuildConfiguration;
			buildSettings = {
				ALWAYS_SEARCH_USER_PATHS = NO;
				ASSETCATALOG_COMPILER_GENERATE_SWIFT_ASSET_SYMBOL_EXTENSIONS = YES;
				CLANG_ANALYZER_NONNULL = YES;
				CLANG_ANALYZER_NUMBER_OBJECT_CONVERSION = YES_AGGRESSIVE;
				CLANG_CXX_LANGUAGE_STANDARD = "gnu++20";
				CLANG_ENABLE_MODULES = YES;
				CLANG_ENABLE_OBJC_ARC = YES;
				CLANG_ENABLE_OBJC_WEAK = YES;
				CLANG_WARN_BLOCK_CAPTURE_AUTORELEASING = YES;
				CLANG_WARN_BOOL_CONVERSION = YES;
				CLANG_WARN_COMMA = YES;
				CLANG_WARN_CONSTANT_CONVERSION = YES;
				CLANG_WARN_DEPRECATED_OBJC_IMPLEMENTATIONS = YES;
				CLANG_WARN_DIRECT_OBJC_ISA_USAGE = YES_ERROR;
				CLANG_WARN_DOCUMENTATION_COMMENTS = YES;
				CLANG_WARN_EMPTY_BODY = YES;
				CLANG_WARN_ENUM_CONVERSION = YES;
				CLANG_WARN_INFINITE_RECURSION = YES;
				CLANG_WARN_INT_CONVERSION = YES;
				CLANG_WARN_NON_LITERAL_NULL_CONVERSION = YES;
				CLANG_WARN_OBJC_IMPLICIT_RETAIN_SELF = YES;
				CLANG_WARN_OBJC_LITERAL_CONVERSION = YES;
				CLANG_WARN_OBJC_ROOT_CLASS = YES_ERROR;
				CLANG_WARN_QUOTED_INCLUDE_IN_FRAMEWORK_HEADER = YES;
				CLANG_WARN_RANGE_LOOP_ANALYSIS = YES;
				CLANG_WARN_STRICT_PROTOTYPES = YES;
				CLANG_WARN_SUSPICIOUS_MOVE = YES;
				CLANG_WARN_UNGUARDED_AVAILABILITY = YES_AGGRESSIVE;
				CLANG_WARN_UNREACHABLE_CODE = YES;
				CLANG_WARN__DUPLICATE_METHOD_MATCH = YES;
				COPY_PHASE_STRIP = NO;
				DEBUG_INFORMATION_FORMAT = "dwarf-with-dsym";
				DEVELOPMENT_TEAM = 9ZUHXTXA7S;
				ENABLE_NS_ASSERTIONS = NO;
				ENABLE_STRICT_OBJC_MSGSEND = YES;
				ENABLE_USER_SCRIPT_SANDBOXING = YES;
				GCC_C_LANGUAGE_STANDARD = gnu17;
				GCC_NO_COMMON_BLOCKS = YES;
				GCC_WARN_64_TO_32_BIT_CONVERSION = YES;
				GCC_WARN_ABOUT_RETURN_TYPE = YES_ERROR;
				GCC_WARN_UNDECLARED_SELECTOR = YES;
				GCC_WARN_UNINITIALIZED_AUTOS = YES_AGGRESSIVE;
				GCC_WARN_UNUSED_FUNCTION = YES;
				GCC_WARN_UNUSED_VARIABLE = YES;
				IPHONEOS_DEPLOYMENT_TARGET = 26.1;
				LOCALIZATION_PREFERS_STRING_CATALOGS = YES;
				MTL_ENABLE_DEBUG_INFO = NO;
				MTL_FAST_MATH = YES;
				SDKROOT = iphoneos;
				STRING_CATALOG_GENERATE_SYMBOLS = YES;
				SWIFT_COMPILATION_MODE = wholemodule;
				VALIDATE_PRODUCT = YES;
			};
			name = Release;
		};
		4FABD1422F1D06C500BDDDCE /* Debug */ = {
			isa = XCBuildConfiguration;
			buildSettings = {
				BUNDLE_LOADER = "$(TEST_HOST)";
				CODE_SIGN_STYLE = Automatic;
				CURRENT_PROJECT_VERSION = 1;
				DEVELOPMENT_TEAM = 9ZUHXTXA7S;
				GENERATE_INFOPLIST_FILE = YES;
				IPHONEOS_DEPLOYMENT_TARGET = 26.1;
				MARKETING_VERSION = 1.0;
				PRODUCT_BUNDLE_IDENTIFIER = MappMaarten.HDTests;
				PRODUCT_NAME = "$(TARGET_NAME)";
				STRING_CATALOG_GENERATE_SYMBOLS = NO;
				SWIFT_APPROACHABLE_CONCURRENCY = YES;
				SWIFT_EMIT_LOC_STRINGS = NO;
				SWIFT_UPCOMING_FEATURE_MEMBER_IMPORT_VISIBILITY = YES;
				SWIFT_VERSION = 5.0;
				TARGETED_DEVICE_FAMILY = "1,2";
				TEST_HOST = "$(BUILT_PRODUCTS_DIR)/HD.app/$(BUNDLE_EXECUTABLE_FOLDER_PATH)/HD";
			};
			name = Debug;
		};
		4FABD1432F1D06C500BDDDCE /* Release */ = {
			isa = XCBuildConfiguration;
			buildSettings = {
				BUNDLE_LOADER = "$(TEST_HOST)";
				CODE_SIGN_STYLE = Automatic;
				CURRENT_PROJECT_VERSION = 1;
				DEVELOPMENT_TEAM = 9ZUHXTXA7S;
				GENERATE_INFOPLIST_FILE = YES;
				IPHONEOS_DEPLOYMENT_TARGET = 26.1;
				MARKETING_VERSION = 1.0;
				PRODUCT_BUNDLE_IDENTIFIER = MappMaarten.HDTests;
				PRODUCT_NAME = "$(TARGET_NAME)";
				STRING_CATALOG_GENERATE_SYMBOLS = NO;
				SWIFT_APPROACHABLE_CONCURRENCY = YES;
				SWIFT_EMIT_LOC_STRINGS = NO;
				SWIFT_UPCOMING_FEATURE_MEMBER_IMPORT_VISIBILITY = YES;
				SWIFT_VERSION = 5.0;
				TARGETED_DEVICE_FAMILY = "1,2";
				TEST_HOST = "$(BUILT_PRODUCTS_DIR)/HD.app/$(BUNDLE_EXECUTABLE_FOLDER_PATH)/HD";
			};
			name = Release;
		};
		4FABD1452F1D06C500BDDDCE /* Debug */ = {
			isa = XCBuildConfiguration;
			buildSettings = {
				CODE_SIGN_STYLE = Automatic;
				CURRENT_PROJECT_VERSION = 1;
				DEVELOPMENT_TEAM = 9ZUHXTXA7S;
				GENERATE_INFOPLIST_FILE = YES;
				MARKETING_VERSION = 1.0;
				PRODUCT_BUNDLE_IDENTIFIER = MappMaarten.HDUITests;
				PRODUCT_NAME = "$(TARGET_NAME)";
				STRING_CATALOG_GENERATE_SYMBOLS = NO;
				SWIFT_APPROACHABLE_CONCURRENCY = YES;
				SWIFT_EMIT_LOC_STRINGS = NO;
				SWIFT_UPCOMING_FEATURE_MEMBER_IMPORT_VISIBILITY = YES;
				SWIFT_VERSION = 5.0;
				TARGETED_DEVICE_FAMILY = "1,2";
				TEST_TARGET_NAME = HD;
			};
			name = Debug;
		};
		4FABD1462F1D06C500BDDDCE /* Release */ = {
			isa = XCBuildConfiguration;
			buildSettings = {
				CODE_SIGN_STYLE = Automatic;
				CURRENT_PROJECT_VERSION = 1;
				DEVELOPMENT_TEAM = 9ZUHXTXA7S;
				GENERATE_INFOPLIST_FILE = YES;
				MARKETING_VERSION = 1.0;
				PRODUCT_BUNDLE_IDENTIFIER = MappMaarten.HDUITests;
				PRODUCT_NAME = "$(TARGET_NAME)";
				STRING_CATALOG_GENERATE_SYMBOLS = NO;
				SWIFT_APPROACHABLE_CONCURRENCY = YES;
				SWIFT_EMIT_LOC_STRINGS = NO;
				SWIFT_UPCOMING_FEATURE_MEMBER_IMPORT_VISIBILITY = YES;
				SWIFT_VERSION = 5.0;
				TARGETED_DEVICE_FAMILY = "1,2";
				TEST_TARGET_NAME = HD;
			};
			name = Release;
		};
/* End XCBuildConfiguration section */

/* Begin XCConfigurationList section */
		4FABD1132F1D06C200BDDDCE /* Build configuration list for PBXProject "Wandeldagboek" */ = {
			isa = XCConfigurationList;
			buildConfigurations = (
				4FABD13F2F1D06C500BDDDCE /* Debug */,
				4FABD1402F1D06C500BDDDCE /* Release */,
			);
			defaultConfigurationIsVisible = 0;
			defaultConfigurationName = Release;
		};
		4FABD13C2F1D06C500BDDDCE /* Build configuration list for PBXNativeTarget "HD" */ = {
			isa = XCConfigurationList;
			buildConfigurations = (
				4FABD13D2F1D06C500BDDDCE /* Debug */,
				4FABD13E2F1D06C500BDDDCE /* Release */,
			);
			defaultConfigurationIsVisible = 0;
			defaultConfigurationName = Release;
		};
		4FABD1412F1D06C500BDDDCE /* Build configuration list for PBXNativeTarget "HDTests" */ = {
			isa = XCConfigurationList;
			buildConfigurations = (
				4FABD1422F1D06C500BDDDCE /* Debug */,
				4FABD1432F1D06C500BDDDCE /* Release */,
			);
			defaultConfigurationIsVisible = 0;
			defaultConfigurationName = Release;
		};
		4FABD1442F1D06C500BDDDCE /* Build configuration list for PBXNativeTarget "HDUITests" */ = {
			isa = XCConfigurationList;
			buildConfigurations = (
				4FABD1452F1D06C500BDDDCE /* Debug */,
				4FABD1462F1D06C500BDDDCE /* Release */,
			);
			defaultConfigurationIsVisible = 0;
			defaultConfigurationName = Release;
		};
/* End XCConfigurationList section */
	};
	rootObject = 4FABD1102F1D06C200BDDDCE /* Project object */;
}
